// !$*UTF8*$!
{
	archiveVersion = 1;
	classes = {
	};
	objectVersion = 46;
	objects = {

/* Begin PBXBuildFile section */
		84BDEB581EBC9AB1008E516F /* AppDelegate.swift in Sources */ = {isa = PBXBuildFile; fileRef = 84BDEB571EBC9AB1008E516F /* AppDelegate.swift */; };
		84BDEB5A1EBC9AB2008E516F /* ViewController.swift in Sources */ = {isa = PBXBuildFile; fileRef = 84BDEB591EBC9AB2008E516F /* ViewController.swift */; };
		84BDEB5D1EBC9AB2008E516F /* Main.storyboard in Resources */ = {isa = PBXBuildFile; fileRef = 84BDEB5B1EBC9AB2008E516F /* Main.storyboard */; };
		84BDEB5F1EBC9AB2008E516F /* Assets.xcassets in Resources */ = {isa = PBXBuildFile; fileRef = 84BDEB5E1EBC9AB2008E516F /* Assets.xcassets */; };
		84BDEB621EBC9AB2008E516F /* LaunchScreen.storyboard in Resources */ = {isa = PBXBuildFile; fileRef = 84BDEB601EBC9AB2008E516F /* LaunchScreen.storyboard */; };
/* End PBXBuildFile section */

/* Begin PBXFileReference section */
		84BDEB541EBC9AB1008E516F /* Book Restro.app */ = {isa = PBXFileReference; explicitFileType = wrapper.application; includeInIndex = 0; path = "Book Restro.app"; sourceTree = BUILT_PRODUCTS_DIR; };
		84BDEB571EBC9AB1008E516F /* AppDelegate.swift */ = {isa = PBXFileReference; lastKnownFileType = sourcecode.swift; path = AppDelegate.swift; sourceTree = "<group>"; };
		84BDEB591EBC9AB2008E516F /* ViewController.swift */ = {isa = PBXFileReference; lastKnownFileType = sourcecode.swift; path = ViewController.swift; sourceTree = "<group>"; };
		84BDEB5C1EBC9AB2008E516F /* Base */ = {isa = PBXFileReference; lastKnownFileType = file.storyboard; name = Base; path = Base.lproj/Main.storyboard; sourceTree = "<group>"; };
		84BDEB5E1EBC9AB2008E516F /* Assets.xcassets */ = {isa = PBXFileReference; lastKnownFileType = folder.assetcatalog; path = Assets.xcassets; sourceTree = "<group>"; };
		84BDEB611EBC9AB2008E516F /* Base */ = {isa = PBXFileReference; lastKnownFileType = file.storyboard; name = Base; path = Base.lproj/LaunchScreen.storyboard; sourceTree = "<group>"; };
		84BDEB631EBC9AB2008E516F /* Info.plist */ = {isa = PBXFileReference; lastKnownFileType = text.plist.xml; path = Info.plist; sourceTree = "<group>"; };
/* End PBXFileReference section */

/* Begin PBXFrameworksBuildPhase section */
		84BDEB511EBC9AA6008E516F /* Frameworks */ = {
			isa = PBXFrameworksBuildPhase;
			buildActionMask = 2147483647;
			files = (
			);
			runOnlyForDeploymentPostprocessing = 0;
		};
/* End PBXFrameworksBuildPhase section */

/* Begin PBXGroup section */
		84BDEB4B1EBC9AA6008E516F = {
			isa = PBXGroup;
			children = (
				84BDEB561EBC9AB1008E516F /* Book Restro */,
				84BDEB551EBC9AB1008E516F /* Products */,
			);
			sourceTree = "<group>";
		};
		84BDEB551EBC9AB1008E516F /* Products */ = {
			isa = PBXGroup;
			children = (
				84BDEB541EBC9AB1008E516F /* Book Restro.app */,
			);
			name = Products;
			sourceTree = "<group>";
		};
		84BDEB561EBC9AB1008E516F /* Book Restro */ = {
			isa = PBXGroup;
			children = (
				84BDEB571EBC9AB1008E516F /* AppDelegate.swift */,
				84BDEB591EBC9AB2008E516F /* ViewController.swift */,
				84BDEB5B1EBC9AB2008E516F /* Main.storyboard */,
				84BDEB5E1EBC9AB2008E516F /* Assets.xcassets */,
				84BDEB601EBC9AB2008E516F /* LaunchScreen.storyboard */,
				84BDEB631EBC9AB2008E516F /* Info.plist */,
			);
			path = "Book Restro";
			sourceTree = "<group>";
		};
/* End PBXGroup section */

/* Begin PBXNativeTarget section */
		84BDEB531EBC9AA6008E516F /* Book Restro */ = {
			isa = PBXNativeTarget;
			buildConfigurationList = 84BDEB661EBC9AB2008E516F /* Build configuration list for PBXNativeTarget "Book Restro" */;
			buildPhases = (
				84BDEB501EBC9AA6008E516F /* Sources */,
				84BDEB511EBC9AA6008E516F /* Frameworks */,
				84BDEB521EBC9AA6008E516F /* Resources */,
			);
			buildRules = (
			);
			dependencies = (
			);
			name = "Book Restro";
			productName = "Book Restro";
			productReference = 84BDEB541EBC9AB1008E516F /* Book Restro.app */;
			productType = "com.apple.product-type.application";
		};
/* End PBXNativeTarget section */

/* Begin PBXProject section */
		84BDEB4C1EBC9AA6008E516F /* Project object */ = {
			isa = PBXProject;
			attributes = {
				LastSwiftUpdateCheck = 0810;
				LastUpgradeCheck = 0810;
				ORGANIZATIONNAME = jigs;
				TargetAttributes = {
					84BDEB531EBC9AA6008E516F = {
						CreatedOnToolsVersion = 8.1;
						ProvisioningStyle = Automatic;
					};
				};
			};
			buildConfigurationList = 84BDEB4F1EBC9AA6008E516F /* Build configuration list for PBXProject "Book Restro" */;
			compatibilityVersion = "Xcode 3.2";
			developmentRegion = English;
			hasScannedForEncodings = 0;
			knownRegions = (
				en,
				Base,
			);
			mainGroup = 84BDEB4B1EBC9AA6008E516F;
			productRefGroup = 84BDEB551EBC9AB1008E516F /* Products */;
			projectDirPath = "";
			projectRoot = "";
			targets = (
				84BDEB531EBC9AA6008E516F /* Book Restro */,
			);
		};
/* End PBXProject section */

/* Begin PBXResourcesBuildPhase section */
		84BDEB521EBC9AA6008E516F /* Resources */ = {
			isa = PBXResourcesBuildPhase;
			buildActionMask = 2147483647;
			files = (
				84BDEB621EBC9AB2008E516F /* LaunchScreen.storyboard in Resources */,
				84BDEB5F1EBC9AB2008E516F /* Assets.xcassets in Resources */,
				84BDEB5D1EBC9AB2008E516F /* Main.storyboard in Resources */,
			);
			runOnlyForDeploymentPostprocessing = 0;
		};
/* End PBXResourcesBuildPhase section */

/* Begin PBXSourcesBuildPhase section */
		84BDEB501EBC9AA6008E516F /* Sources */ = {
			isa = PBXSourcesBuildPhase;
			buildActionMask = 2147483647;
			files = (
				84BDEB5A1EBC9AB2008E516F /* ViewController.swift in Sources */,
				84BDEB581EBC9AB1008E516F /* AppDelegate.swift in Sources */,
			);
			runOnlyForDeploymentPostprocessing = 0;
		};
/* End PBXSourcesBuildPhase section */

/* Begin PBXVariantGroup section */
		84BDEB5B1EBC9AB2008E516F /* Main.storyboard */ = {
			isa = PBXVariantGroup;
			children = (
				84BDEB5C1EBC9AB2008E516F /* Base */,
			);
			name = Main.storyboard;
			sourceTree = "<group>";
		};
		84BDEB601EBC9AB2008E516F /* LaunchScreen.storyboard */ = {
			isa = PBXVariantGroup;
			children = (
				84BDEB611EBC9AB2008E516F /* Base */,
			);
			name = LaunchScreen.storyboard;
			sourceTree = "<group>";
		};
/* End PBXVariantGroup section */

/* Begin XCBuildConfiguration section */
		84BDEB641EBC9AB2008E516F /* Debug */ = {
			isa = XCBuildConfiguration;
			buildSettings = {
				ALWAYS_SEARCH_USER_PATHS = NO;
				CLANG_ANALYZER_NONNULL = YES;
				CLANG_CXX_LANGUAGE_STANDARD = "gnu++0x";
				CLANG_CXX_LIBRARY = "libc++";
				CLANG_ENABLE_MODULES = YES;
				CLANG_ENABLE_OBJC_ARC = YES;
				CLANG_WARN_BOOL_CONVERSION = YES;
				CLANG_WARN_CONSTANT_CONVERSION = YES;
				CLANG_WARN_DIRECT_OBJC_ISA_USAGE = YES_ERROR;
				CLANG_WARN_DOCUMENTATION_COMMENTS = YES;
				CLANG_WARN_EMPTY_BODY = YES;
				CLANG_WARN_ENUM_CONVERSION = YES;
				CLANG_WARN_INFINITE_RECURSION = YES;
				CLANG_WARN_INT_CONVERSION = YES;
				CLANG_WARN_OBJC_ROOT_CLASS = YES_ERROR;
				CLANG_WARN_SUSPICIOUS_MOVES = YES;
				CLANG_WARN_UNREACHABLE_CODE = YES;
				CLANG_WARN__DUPLICATE_METHOD_MATCH = YES;
				"CODE_SIGN_IDENTITY[sdk=iphoneos*]" = "iPhone Developer";
				COPY_PHASE_STRIP = NO;
				DEBUG_INFORMATION_FORMAT = dwarf;
				ENABLE_STRICT_OBJC_MSGSEND = YES;
				ENABLE_TESTABILITY = YES;
				GCC_C_LANGUAGE_STANDARD = gnu99;
				GCC_DYNAMIC_NO_PIC = NO;
				GCC_NO_COMMON_BLOCKS = YES;
				GCC_OPTIMIZATION_LEVEL = 0;
				GCC_PREPROCESSOR_DEFINITIONS = (
					"DEBUG=1",
					"$(inherited)",
				);
				GCC_WARN_64_TO_32_BIT_CONVERSION = YES;
				GCC_WARN_ABOUT_RETURN_TYPE = YES_ERROR;
				GCC_WARN_UNDECLARED_SELECTOR = YES;
				GCC_WARN_UNINITIALIZED_AUTOS = YES_AGGRESSIVE;
				GCC_WARN_UNUSED_FUNCTION = YES;
				GCC_WARN_UNUSED_VARIABLE = YES;
				IPHONEOS_DEPLOYMENT_TARGET = 10.1;
				MTL_ENABLE_DEBUG_INFO = YES;
				ONLY_ACTIVE_ARCH = YES;
				SDKROOT = iphoneos;
				SWIFT_ACTIVE_COMPILATION_CONDITIONS = DEBUG;
				SWIFT_OPTIMIZATION_LEVEL = "-Onone";
			};
			name = Debug;
		};
		84BDEB651EBC9AB2008E516F /* Release */ = {
			isa = XCBuildConfiguration;
			buildSettings = {
				ALWAYS_SEARCH_USER_PATHS = NO;
				CLANG_ANALYZER_NONNULL = YES;
				CLANG_CXX_LANGUAGE_STANDARD = "gnu++0x";
				CLANG_CXX_LIBRARY = "libc++";
				CLANG_ENABLE_MODULES = YES;
				CLANG_ENABLE_OBJC_ARC = YES;
				CLANG_WARN_BOOL_CONVERSION = YES;
				CLANG_WARN_CONSTANT_CONVERSION = YES;
				CLANG_WARN_DIRECT_OBJC_ISA_USAGE = YES_ERROR;
				CLANG_WARN_DOCUMENTATION_COMMENTS = YES;
				CLANG_WARN_EMPTY_BODY = YES;
				CLANG_WARN_ENUM_CONVERSION = YES;
				CLANG_WARN_INFINITE_RECURSION = YES;
				CLANG_WARN_INT_CONVERSION = YES;
				CLANG_WARN_OBJC_ROOT_CLASS = YES_ERROR;
				CLANG_WARN_SUSPICIOUS_MOVES = YES;
				CLANG_WARN_UNREACHABLE_CODE = YES;
				CLANG_WARN__DUPLICATE_METHOD_MATCH = YES;
				"CODE_SIGN_IDENTITY[sdk=iphoneos*]" = "iPhone Developer";
				COPY_PHASE_STRIP = NO;
				DEBUG_INFORMATION_FORMAT = "dwarf-with-dsym";
				ENABLE_NS_ASSERTIONS = NO;
				ENABLE_STRICT_OBJC_MSGSEND = YES;
				GCC_C_LANGUAGE_STANDARD = gnu99;
				GCC_NO_COMMON_BLOCKS = YES;
				GCC_WARN_64_TO_32_BIT_CONVERSION = YES;
				GCC_WARN_ABOUT_RETURN_TYPE = YES_ERROR;
				GCC_WARN_UNDECLARED_SELECTOR = YES;
				GCC_WARN_UNINITIALIZED_AUTOS = YES_AGGRESSIVE;
				GCC_WARN_UNUSED_FUNCTION = YES;
				GCC_WARN_UNUSED_VARIABLE = YES;
				IPHONEOS_DEPLOYMENT_TARGET = 10.1;
				MTL_ENABLE_DEBUG_INFO = NO;
				SDKROOT = iphoneos;
				SWIFT_OPTIMIZATION_LEVEL = "-Owholemodule";
				VALIDATE_PRODUCT = YES;
			};
			name = Release;
		};
		84BDEB671EBC9AB2008E516F /* Debug */ = {
			isa = XCBuildConfiguration;
			buildSettings = {
				ASSETCATALOG_COMPILER_APPICON_NAME = AppIcon;
				INFOPLIST_FILE = "Book Restro/Info.plist";
				LD_RUNPATH_SEARCH_PATHS = "$(inherited) @executable_path/Frameworks";
				PRODUCT_BUNDLE_IDENTIFIER = "com.Book-Restro";
				PRODUCT_NAME = "$(TARGET_NAME)";
				SWIFT_VERSION = 3.0;
			};
			name = Debug;
		};
		84BDEB681EBC9AB2008E516F /* Release */ = {
			isa = XCBuildConfiguration;
			buildSettings = {
				ASSETCATALOG_COMPILER_APPICON_NAME = AppIcon;
				INFOPLIST_FILE = "Book Restro/Info.plist";
				LD_RUNPATH_SEARCH_PATHS = "$(inherited) @executable_path/Frameworks";
				PRODUCT_BUNDLE_IDENTIFIER = "com.Book-Restro";
				PRODUCT_NAME = "$(TARGET_NAME)";
				SWIFT_VERSION = 3.0;
			};
			name = Release;
		};
/* End XCBuildConfiguration section */

/* Begin XCConfigurationList section */
		84BDEB4F1EBC9AA6008E516F /* Build configuration list for PBXProject "Book Restro" */ = {
			isa = XCConfigurationList;
			buildConfigurations = (
				84BDEB641EBC9AB2008E516F /* Debug */,
				84BDEB651EBC9AB2008E516F /* Release */,
			);
			defaultConfigurationIsVisible = 0;
			defaultConfigurationName = Release;
		};
		84BDEB661EBC9AB2008E516F /* Build configuration list for PBXNativeTarget "Book Restro" */ = {
			isa = XCConfigurationList;
			buildConfigurations = (
				84BDEB671EBC9AB2008E516F /* Debug */,
				84BDEB681EBC9AB2008E516F /* Release */,
			);
			defaultConfigurationIsVisible = 0;
		};
/* End XCConfigurationList section */
	};
	rootObject = 84BDEB4C1EBC9AA6008E516F /* Project object */;
}
